
Microsoft Visual Studio Solution File, Format Version 12.00
# Visual Studio 14
VisualStudioVersion = 14.0.24720.0
MinimumVisualStudioVersion = 10.0.40219.1
Project("{FAE04EC0-301F-11D3-BF4B-00C04F79EFBC}") = "TinySharp", "TinySharp\TinySharp.csproj", "{C3167600-6CAB-4EEA-87B2-9EF7AA3FA0D6}"
EndProject
Project("{FAE04EC0-301F-11D3-BF4B-00C04F79EFBC}") = "TinySharp.Tests", "TinySharp.Tests\TinySharp.Tests.csproj", "{9EF00BEC-C38B-46C1-AD65-0211977C1538}"
EndProject
Global
	GlobalSection(SolutionConfigurationPlatforms) = preSolution
		Debug|Any CPU = Debug|Any CPU
		Release|Any CPU = Release|Any CPU
	EndGlobalSection
	GlobalSection(ProjectConfigurationPlatforms) = postSolution
		{C3167600-6CAB-4EEA-87B2-9EF7AA3FA0D6}.Debug|Any CPU.ActiveCfg = Debug|Any CPU
		{C3167600-6CAB-4EEA-87B2-9EF7AA3FA0D6}.Debug|Any CPU.Build.0 = Debug|Any CPU
		{C3167600-6CAB-4EEA-87B2-9EF7AA3FA0D6}.Release|Any CPU.ActiveCfg = Release|Any CPU
		{C3167600-6CAB-4EEA-87B2-9EF7AA3FA0D6}.Release|Any CPU.Build.0 = Release|Any CPU
		{9EF00BEC-C38B-46C1-AD65-0211977C1538}.Debug|Any CPU.ActiveCfg = Debug|Any CPU
		{9EF00BEC-C38B-46C1-AD65-0211977C1538}.Debug|Any CPU.Build.0 = Debug|Any CPU
		{9EF00BEC-C38B-46C1-AD65-0211977C1538}.Release|Any CPU.ActiveCfg = Release|Any CPU
		{9EF00BEC-C38B-46C1-AD65-0211977C1538}.Release|Any CPU.Build.0 = Release|Any CPU
	EndGlobalSection
	GlobalSection(SolutionProperties) = preSolution
		HideSolutionNode = FALSE
	EndGlobalSection
EndGlobal
